
Microsoft Visual Studio Solution File, Format Version 12.00
# Visual Studio Version 16
VisualStudioVersion = 16.0.29609.76
MinimumVisualStudioVersion = 10.0.40219.1
Project("{FAE04EC0-301F-11D3-BF4B-00C04F79EFBC}") = "GenericClass", "GenericClass\GenericClass.csproj", "{A0D5BF33-C6BB-440F-AF45-B846B591DDAC}"
EndProject
Global
	GlobalSection(SolutionConfigurationPlatforms) = preSolution
		Debug|Any CPU = Debug|Any CPU
		Release|Any CPU = Release|Any CPU
	EndGlobalSection
	GlobalSection(ProjectConfigurationPlatforms) = postSolution
		{A0D5BF33-C6BB-440F-AF45-B846B591DDAC}.Debug|Any CPU.ActiveCfg = Debug|Any CPU
		{A0D5BF33-C6BB-440F-AF45-B846B591DDAC}.Debug|Any CPU.Build.0 = Debug|Any CPU
		{A0D5BF33-C6BB-440F-AF45-B846B591DDAC}.Release|Any CPU.ActiveCfg = Release|Any CPU
		{A0D5BF33-C6BB-440F-AF45-B846B591DDAC}.Release|Any CPU.Build.0 = Release|Any CPU
	EndGlobalSection
	GlobalSection(SolutionProperties) = preSolution
		HideSolutionNode = FALSE
	EndGlobalSection
	GlobalSection(ExtensibilityGlobals) = postSolution
		SolutionGuid = {5438AC19-A01A-4B20-A0F0-BF0BA5917C78}
	EndGlobalSection
EndGlobal
